{
  "version": 4,
  "terraform_version": "1.1.3",
  "serial": 95,
  "lineage": "001dc428-8fe1-a806-bc15-cd573774c95f",
  "outputs": {},
  "resources": [
    {
      "mode": "managed",
      "type": "azurerm_api_management",
      "name": "apim",
      "provider": "provider[\"registry.terraform.io/hashicorp/azurerm\"]",
      "instances": [
        {
          "schema_version": 0,
          "attributes": {
            "additional_location": [],
            "certificate": [],
            "developer_portal_url": "https://qa-apimarra.developer.azure-api.net",
            "gateway_regional_url": "https://qa-apimarra-northeurope-01.regional.azure-api.net",
            "gateway_url": "https://qa-apimarra.azure-api.net",
            "hostname_configuration": [],
            "id": "/subscriptions/e9aac0f0-83bd-43cf-ab35-c8e3eccc8932/resourceGroups/qa-apim/providers/Microsoft.ApiManagement/service/qa-apimarra",
            "identity": [],
            "location": "northeurope",
            "management_api_url": "https://qa-apimarra.management.azure-api.net",
            "name": "qa-apimarra",
            "notification_sender_email": "apimgmt-noreply@mail.windowsazure.com",
            "policy": [
              {
                "xml_content": "\u003c!--\r\n    IMPORTANT:\r\n    - Policy elements can appear only within the \u003cinbound\u003e, \u003coutbound\u003e, \u003cbackend\u003e section elements.\r\n    - Only the \u003cforward-request\u003e policy element can appear within the \u003cbackend\u003e section element.\r\n    - To apply a policy to the incoming request (before it is forwarded to the backend service), place a corresponding policy element within the \u003cinbound\u003e section element.\r\n    - To apply a policy to the outgoing response (before it is sent back to the caller), place a corresponding policy element within the \u003coutbound\u003e section element.\r\n    - To add a policy position the cursor at the desired insertion point and click on the round button associated with the policy.\r\n    - To remove a policy, delete the corresponding policy statement from the policy document.\r\n    - Policies are applied in the order of their appearance, from the top down.\r\n--\u003e\r\n\u003cpolicies\u003e\r\n\t\u003cinbound\u003e\r\n\t\t\u003ccors allow-credentials=\"true\"\u003e\r\n\t\t\t\u003callowed-origins\u003e\r\n\t\t\t\t\u003corigin\u003ehttps://qa-apimarra.developer.azure-api.net\u003c/origin\u003e\r\n\t\t\t\u003c/allowed-origins\u003e\r\n\t\t\t\u003callowed-methods preflight-result-max-age=\"300\"\u003e\r\n\t\t\t\t\u003cmethod\u003e*\u003c/method\u003e\r\n\t\t\t\u003c/allowed-methods\u003e\r\n\t\t\t\u003callowed-headers\u003e\r\n\t\t\t\t\u003cheader\u003e*\u003c/header\u003e\r\n\t\t\t\u003c/allowed-headers\u003e\r\n\t\t\t\u003cexpose-headers\u003e\r\n\t\t\t\t\u003cheader\u003e*\u003c/header\u003e\r\n\t\t\t\u003c/expose-headers\u003e\r\n\t\t\u003c/cors\u003e\r\n\t\u003c/inbound\u003e\r\n\t\u003cbackend\u003e\r\n\t\t\u003cforward-request /\u003e\r\n\t\u003c/backend\u003e\r\n\t\u003coutbound /\u003e\r\n\u003c/policies\u003e",
                "xml_link": ""
              }
            ],
            "portal_url": "https://qa-apimarra.portal.azure-api.net",
            "private_ip_addresses": [],
            "protocols": [
              {
                "enable_http2": false
              }
            ],
            "public_ip_addresses": [
              "20.93.49.96"
            ],
            "publisher_email": "arash.rassoulpour@microsoft.com",
            "publisher_name": "IT",
            "resource_group_name": "qa-apim",
            "scm_url": "https://qa-apimarra.scm.azure-api.net",
            "security": [
              {
                "enable_backend_ssl30": false,
                "enable_backend_tls10": false,
                "enable_backend_tls11": false,
                "enable_frontend_ssl30": false,
                "enable_frontend_tls10": false,
                "enable_frontend_tls11": false,
                "enable_triple_des_ciphers": false,
                "tls_ecdhe_ecdsa_with_aes128_cbc_sha_ciphers_enabled": false,
                "tls_ecdhe_ecdsa_with_aes256_cbc_sha_ciphers_enabled": false,
                "tls_ecdhe_rsa_with_aes128_cbc_sha_ciphers_enabled": false,
                "tls_ecdhe_rsa_with_aes256_cbc_sha_ciphers_enabled": false,
                "tls_rsa_with_aes128_cbc_sha256_ciphers_enabled": false,
                "tls_rsa_with_aes128_cbc_sha_ciphers_enabled": false,
                "tls_rsa_with_aes128_gcm_sha256_ciphers_enabled": false,
                "tls_rsa_with_aes256_cbc_sha256_ciphers_enabled": false,
                "tls_rsa_with_aes256_cbc_sha_ciphers_enabled": false,
                "triple_des_ciphers_enabled": false
              }
            ],
            "sign_in": [
              {
                "enabled": false
              }
            ],
            "sign_up": [
              {
                "enabled": false,
                "terms_of_service": [
                  {
                    "consent_required": false,
                    "enabled": false,
                    "text": ""
                  }
                ]
              }
            ],
            "sku_name": "Standard_1",
            "tags": {},
            "timeouts": null,
            "virtual_network_configuration": [],
            "virtual_network_type": "None"
          },
          "sensitive_attributes": [],
          "private": "eyJlMmJmYjczMC1lY2FhLTExZTYtOGY4OC0zNDM2M2JjN2M0YzAiOnsiY3JlYXRlIjoxMDgwMDAwMDAwMDAwMCwiZGVsZXRlIjoxMDgwMDAwMDAwMDAwMCwicmVhZCI6MzAwMDAwMDAwMDAwLCJ1cGRhdGUiOjEwODAwMDAwMDAwMDAwfX0=",
          "dependencies": [
            "azurerm_resource_group.rg"
          ]
        }
      ]
    },
    {
      "mode": "managed",
      "type": "azurerm_api_management_api",
      "name": "example-terraform-1",
      "provider": "provider[\"registry.terraform.io/hashicorp/azurerm\"]",
      "instances": [
        {
          "schema_version": 0,
          "attributes": {
            "api_management_name": "qa-apimarra",
            "description": "",
            "display_name": "example-terraform-1",
            "id": "/subscriptions/e9aac0f0-83bd-43cf-ab35-c8e3eccc8932/resourceGroups/qa-apim/providers/Microsoft.ApiManagement/service/qa-apimarra/apis/example-terraform-1",
            "import": [
              {
                "content_format": "openapi+json-link",
                "content_value": "https://petstore.swagger.io/v2/swagger.json",
                "wsdl_selector": []
              }
            ],
            "is_current": true,
            "is_online": false,
            "name": "example-terraform-1",
            "oauth2_authorization": [],
            "openid_authentication": [],
            "path": "example-terraform-1",
            "protocols": [
              "https"
            ],
            "resource_group_name": "qa-apim",
            "revision": "1",
            "service_url": "",
            "soap_pass_through": false,
            "subscription_key_parameter_names": [
              {
                "header": "Ocp-Apim-Subscription-Key",
                "query": "subscription-key"
              }
            ],
            "subscription_required": true,
            "timeouts": null,
            "version": "",
            "version_set_id": ""
          },
          "sensitive_attributes": [],
          "private": "eyJlMmJmYjczMC1lY2FhLTExZTYtOGY4OC0zNDM2M2JjN2M0YzAiOnsiY3JlYXRlIjoxODAwMDAwMDAwMDAwLCJkZWxldGUiOjE4MDAwMDAwMDAwMDAsInJlYWQiOjMwMDAwMDAwMDAwMCwidXBkYXRlIjoxODAwMDAwMDAwMDAwfX0=",
          "dependencies": [
            "azurerm_resource_group.rg",
            "azurerm_api_management.apim"
          ]
        }
      ]
    },
    {
      "mode": "managed",
      "type": "azurerm_api_management_api",
      "name": "example-terraform-2",
      "provider": "provider[\"registry.terraform.io/hashicorp/azurerm\"]",
      "instances": [
        {
          "schema_version": 0,
          "attributes": {
            "api_management_name": "qa-apimarra",
            "description": "",
            "display_name": "example-terraform-2",
            "id": "/subscriptions/e9aac0f0-83bd-43cf-ab35-c8e3eccc8932/resourceGroups/qa-apim/providers/Microsoft.ApiManagement/service/qa-apimarra/apis/example-terraform-2",
            "import": [
              {
                "content_format": "openapi+json-link",
                "content_value": "https://raw.githubusercontent.com/OAI/OpenAPI-Specification/main/examples/v2.0/json/api-with-examples.json",
                "wsdl_selector": []
              }
            ],
            "is_current": true,
            "is_online": false,
            "name": "example-terraform-2",
            "oauth2_authorization": [],
            "openid_authentication": [],
            "path": "example-terraform-2",
            "protocols": [
              "https"
            ],
            "resource_group_name": "qa-apim",
            "revision": "1",
            "service_url": "",
            "soap_pass_through": false,
            "subscription_key_parameter_names": [
              {
                "header": "Ocp-Apim-Subscription-Key",
                "query": "subscription-key"
              }
            ],
            "subscription_required": true,
            "timeouts": null,
            "version": "",
            "version_set_id": ""
          },
          "sensitive_attributes": [],
          "private": "eyJlMmJmYjczMC1lY2FhLTExZTYtOGY4OC0zNDM2M2JjN2M0YzAiOnsiY3JlYXRlIjoxODAwMDAwMDAwMDAwLCJkZWxldGUiOjE4MDAwMDAwMDAwMDAsInJlYWQiOjMwMDAwMDAwMDAwMCwidXBkYXRlIjoxODAwMDAwMDAwMDAwfX0=",
          "dependencies": [
            "azurerm_api_management.apim",
            "azurerm_resource_group.rg"
          ]
        }
      ]
    },
    {
      "mode": "managed",
      "type": "azurerm_resource_group",
      "name": "rg",
      "provider": "provider[\"registry.terraform.io/hashicorp/azurerm\"]",
      "instances": [
        {
          "schema_version": 0,
          "attributes": {
            "id": "/subscriptions/e9aac0f0-83bd-43cf-ab35-c8e3eccc8932/resourceGroups/qa-apim",
            "location": "northeurope",
            "name": "qa-apim",
            "tags": {},
            "timeouts": {
              "create": null,
              "delete": null,
              "read": null,
              "update": null
            }
          },
          "sensitive_attributes": [],
          "private": "eyJlMmJmYjczMC1lY2FhLTExZTYtOGY4OC0zNDM2M2JjN2M0YzAiOnsiY3JlYXRlIjo1NDAwMDAwMDAwMDAwLCJkZWxldGUiOjU0MDAwMDAwMDAwMDAsInJlYWQiOjMwMDAwMDAwMDAwMCwidXBkYXRlIjo1NDAwMDAwMDAwMDAwfSwic2NoZW1hX3ZlcnNpb24iOiIwIn0="
        }
      ]
    }
  ]
}
